
Microsoft Visual Studio Solution File, Format Version 12.00
# Visual Studio Version 17
VisualStudioVersion = 17.6.33829.357
MinimumVisualStudioVersion = 10.0.40219.1
Project("{FAE04EC0-301F-11D3-BF4B-00C04F79EFBC}") = "StoreApp", "StoreApp\StoreApp.csproj", "{3BDCA82E-6B7A-46F3-8190-4B8D734671C4}"
EndProject
Global
	GlobalSection(SolutionConfigurationPlatforms) = preSolution
		Debug|Any CPU = Debug|Any CPU
		Release|Any CPU = Release|Any CPU
	EndGlobalSection
	GlobalSection(ProjectConfigurationPlatforms) = postSolution
		{3BDCA82E-6B7A-46F3-8190-4B8D734671C4}.Debug|Any CPU.ActiveCfg = Debug|Any CPU
		{3BDCA82E-6B7A-46F3-8190-4B8D734671C4}.Debug|Any CPU.Build.0 = Debug|Any CPU
		{3BDCA82E-6B7A-46F3-8190-4B8D734671C4}.Release|Any CPU.ActiveCfg = Release|Any CPU
		{3BDCA82E-6B7A-46F3-8190-4B8D734671C4}.Release|Any CPU.Build.0 = Release|Any CPU
	EndGlobalSection
	GlobalSection(SolutionProperties) = preSolution
		HideSolutionNode = FALSE
	EndGlobalSection
	GlobalSection(ExtensibilityGlobals) = postSolution
		SolutionGuid = {EB80426B-BBFE-4615-BEA2-B8F9FA710913}
	EndGlobalSection
EndGlobal
